PODS:
  - AFNetworking (3.2.1):
    - AFNetworking/NSURLSession (= 3.2.1)
    - AFNetworking/Reachability (= 3.2.1)
    - AFNetworking/Security (= 3.2.1)
    - AFNetworking/Serialization (= 3.2.1)
    - AFNetworking/UIKit (= 3.2.1)
  - AFNetworking/NSURLSession (3.2.1):
    - AFNetworking/Reachability
    - AFNetworking/Security
    - AFNetworking/Serialization
  - AFNetworking/Reachability (3.2.1)
  - AFNetworking/Security (3.2.1)
  - AFNetworking/Serialization (3.2.1)
  - AFNetworking/UIKit (3.2.1):
    - AFNetworking/NSURLSession
  - CocoaLumberjack (3.4.2):
    - CocoaLumberjack/Default (= 3.4.2)
    - CocoaLumberjack/Extensions (= 3.4.2)
  - CocoaLumberjack/Default (3.4.2)
  - CocoaLumberjack/Extensions (3.4.2):
    - CocoaLumberjack/Default
  - Masonry (1.1.0)
  - MJRefresh (3.1.15.3)
  - SIBase (0.1.32):
    - SIDefine
    - SIRequestCenter
    - SIRequestKit/Affair
    - SITheme
    - SIUIKit
  - SIDefine (0.1.8):
    - CocoaLumberjack
  - SIRequestCenter (0.1.16):
    - YCRequest
  - SIRequestKit/Affair (0.4.51)
  - SITheme (0.1.4):
    - Masonry
  - SIUIKit (0.1.29):
    - Masonry
    - MJRefresh
    - SIDefine
    - SITheme
    - YCEasyTool
    - YYKit
  - YCEasyTool (0.2.5):
    - YCEasyTool/Forever (= 0.2.5)
    - YCEasyTool/Polling (= 0.2.5)
    - YCEasyTool/Property (= 0.2.5)
    - YCEasyTool/Tools (= 0.2.5)
    - YCEasyTool/UI (= 0.2.5)
  - YCEasyTool/Forever (0.2.5):
    - YCEasyTool/Property
  - YCEasyTool/Polling (0.2.5)
  - YCEasyTool/Property (0.2.5)
  - YCEasyTool/Tools (0.2.5)
  - YCEasyTool/UI (0.2.5):
    - YCEasyTool/UI/CollectionView (= 0.2.5)
    - YCEasyTool/UI/Grid (= 0.2.5)
    - YCEasyTool/UI/PopMenu (= 0.2.5)
    - YCEasyTool/UI/Segment (= 0.2.5)
    - YCEasyTool/UI/TabBarController (= 0.2.5)
    - YCEasyTool/UI/TreeMenu (= 0.2.5)
  - YCEasyTool/UI/CollectionView (0.2.5)
  - YCEasyTool/UI/Grid (0.2.5):
    - YCEasyTool/Tools
    - YCEasyTool/UI/CollectionView
  - YCEasyTool/UI/PopMenu (0.2.5)
  - YCEasyTool/UI/Segment (0.2.5)
  - YCEasyTool/UI/TabBarController (0.2.5)
  - YCEasyTool/UI/TreeMenu (0.2.5)
  - YCRequest (0.1.4):
    - AFNetworking
  - YYKit (1.0.9):
    - YYKit/no-arc (= 1.0.9)
  - YYKit/no-arc (1.0.9)

DEPENDENCIES:
  - SIBase (from `../`)

SPEC REPOS:
  "git@git.superid.cn:iOS/SISpecs.git":
    - SIDefine
    - SIRequestCenter
    - SIRequestKit
    - SITheme
    - SIUIKit
  https://github.com/CocoaPods/Specs.git:
    - AFNetworking
    - CocoaLumberjack
    - Masonry
    - MJRefresh
    - YCEasyTool
    - YCRequest
    - YYKit

EXTERNAL SOURCES:
  SIBase:
    :path: "../"

SPEC CHECKSUMS:
  AFNetworking: b6f891fdfaed196b46c7a83cf209e09697b94057
  CocoaLumberjack: db7cc9e464771f12054c22ff6947c5a58d43a0fd
  Masonry: 678fab65091a9290e40e2832a55e7ab731aad201
  MJRefresh: b48380ae2b927b46c4ef000de9adb8dc748e1df7
  SIBase: 911b323f116f532a2084fc7c4830a207fd86d69b
  SIDefine: 4cbfba09a92436a69e3ddb74cd082aff1e940f42
  SIRequestCenter: d55ccb639e61242ffbc05ded3cd6dc06b5055e7b
  SIRequestKit: 5b00e19ff8a80f715ecd14420d16c6b0b51833a7
  SITheme: 9bd3253aa26988ed85c2f18b543cd01f2433481b
  SIUIKit: ae121828ec78fc5e9380ef4bb2fe29d482c64d10
  YCEasyTool: c71d2f91e2b3545ccccb6eb1866430037c942ef3
  YCRequest: 067111a217a96fa8e85d838303e401192010851b
  YYKit: 7cda43304a8dc3696c449041e2cb3107b4e236e7

PODFILE CHECKSUM: a754725bd5d3acb57dbfc1f91da12cb9e6fb47f0

COCOAPODS: 1.5.0
