PODS:
  - CocoaLumberjack (3.6.2):
    - CocoaLumberjack/Core (= 3.6.2)
  - CocoaLumberjack/Core (3.6.2)
  - Masonry (1.1.0)
  - MJRefresh (3.5.0)
  - SIBase/Pure (0.2.16):
    - SIDefine/Pure
    - SITheme
    - SIUIKit/Pure
  - SIDefine/Pure (0.1.72):
    - CocoaLumberjack
  - SITheme (0.1.12):
    - Masonry
  - SIUIKit/Pure (0.1.90):
    - Masonry
    - MJRefresh
    - SIDefine/Pure
    - SITheme

DEPENDENCIES:
  - SIBase/Pure (from `../`)

SPEC REPOS:
  "git@git.superid.cn:iOS/SISpecs.git":
    - SIDefine
    - SITheme
    - SIUIKit
  https://github.com/CocoaPods/Specs.git:
    - CocoaLumberjack
    - Masonry
    - MJRefresh

EXTERNAL SOURCES:
  SIBase:
    :path: "../"

SPEC CHECKSUMS:
  CocoaLumberjack: bd155f2dd06c0e0b03f876f7a3ee55693122ec94
  Masonry: 678fab65091a9290e40e2832a55e7ab731aad201
  MJRefresh: 6afc955813966afb08305477dd7a0d9ad5e79a16
  SIBase: b835c26544ecc135d596538de87b92f378a21142
  SIDefine: ec820deee588963e2ffedef103345a373f961c63
  SITheme: ba6af9ea3f003d21e0a8a599a7bcf93940b08c52
  SIUIKit: 6d521382d146f4f8108859d9f3566da127f8a6a2

PODFILE CHECKSUM: 7229887de0c73f3797859c23898706d77c75cbd7

COCOAPODS: 1.9.3
